# This file is generated by running "yarn install" inside your project.
# Manual changes might be lost - proceed with caution!

__metadata:
  version: 6
  cacheKey: 8

"@openzeppelin/contracts@npm:^4.9.2":
  version: 4.9.2
  resolution: "@openzeppelin/contracts@npm:4.9.2"
  checksum: 0538b18fe222e5414a5a539c240b155e0bef2a23c5182fb8e137d71a0c390fe899160f2d55701f75b127f54cc61aee4375370acc832475f19829368ac65c1fc6
  languageName: node
  linkType: hard

"BlockchainDeveloper@workspace:.":
  version: 0.0.0-use.local
  resolution: "BlockchainDeveloper@workspace:."
  dependencies:
    "@openzeppelin/contracts": ^4.9.2
  languageName: unknown
  linkType: soft
