# This file is generated by running "yarn install" inside your project.
# Manual changes might be lost - proceed with caution!

__metadata:
  version: 6
  cacheKey: 8

"@openzeppelin/contracts@npm:^4.8.0":
  version: 4.8.0
  resolution: "@openzeppelin/contracts@npm:4.8.0"
  checksum: dfab51a7f91735cfb1e94dd5074736b0dac0207e4ebf26eb46b32defd3b67adce5a36b248daa7b841c21be74863c1e37cf92ed194a9c36d3f8c5326d1a24242a
  languageName: node
  linkType: hard

"BlockchainDeveloper@workspace:.":
  version: 0.0.0-use.local
  resolution: "BlockchainDeveloper@workspace:."
  dependencies:
    "@openzeppelin/contracts": ^4.8.0
  languageName: unknown
  linkType: soft
